// !$*UTF8*$!
{
	archiveVersion = 1;
	classes = {
	};
	objectVersion = 56;
	objects = {

/* Begin PBXBuildFile section */
		8E747AB12B7F7A2800D9302D /* NetworkService.swift in Sources */ = {isa = PBXBuildFile; fileRef = 8E747AB02B7F7A2800D9302D /* NetworkService.swift */; };
		8E747AB42B7F7BEA00D9302D /* HomeResponse.swift in Sources */ = {isa = PBXBuildFile; fileRef = 8E747AB32B7F7BEA00D9302D /* HomeResponse.swift */; };
		8E747AB92B80989100D9302D /* Kingfisher in Frameworks */ = {isa = PBXBuildFile; productRef = 8E747AB82B80989100D9302D /* Kingfisher */; };
		8E747ABB2B809A7B00D9302D /* HomeViewModel.swift in Sources */ = {isa = PBXBuildFile; fileRef = 8E747ABA2B809A7B00D9302D /* HomeViewModel.swift */; };
		8E747ABE2B80B2BA00D9302D /* Numeric+Extension.swift in Sources */ = {isa = PBXBuildFile; fileRef = 8E747ABD2B80B2BA00D9302D /* Numeric+Extension.swift */; };
		8EFA88C32B78B4CB006E003E /* AppDelegate.swift in Sources */ = {isa = PBXBuildFile; fileRef = 8EFA88C22B78B4CB006E003E /* AppDelegate.swift */; };
		8EFA88C52B78B4CB006E003E /* SceneDelegate.swift in Sources */ = {isa = PBXBuildFile; fileRef = 8EFA88C42B78B4CB006E003E /* SceneDelegate.swift */; };
		8EFA88CC2B78B4CD006E003E /* Assets.xcassets in Resources */ = {isa = PBXBuildFile; fileRef = 8EFA88CB2B78B4CD006E003E /* Assets.xcassets */; };
		8EFA88CF2B78B4CD006E003E /* LaunchScreen.storyboard in Resources */ = {isa = PBXBuildFile; fileRef = 8EFA88CD2B78B4CD006E003E /* LaunchScreen.storyboard */; };
		8EFA88D72B78B740006E003E /* Splash.storyboard in Resources */ = {isa = PBXBuildFile; fileRef = 8EFA88D62B78B740006E003E /* Splash.storyboard */; };
		8EFA88D92B78B7AA006E003E /* SplashViewController.swift in Sources */ = {isa = PBXBuildFile; fileRef = 8EFA88D82B78B7AA006E003E /* SplashViewController.swift */; };
		8EFA88DC2B78C113006E003E /* Lottie in Frameworks */ = {isa = PBXBuildFile; productRef = 8EFA88DB2B78C113006E003E /* Lottie */; };
		8EFA88DE2B78CC30006E003E /* Images.xcassets in Resources */ = {isa = PBXBuildFile; fileRef = 8EFA88DD2B78CC30006E003E /* Images.xcassets */; };
		8EFA88E02B78CCAD006E003E /* CPImage.swift in Sources */ = {isa = PBXBuildFile; fileRef = 8EFA88DF2B78CCAD006E003E /* CPImage.swift */; };
		8EFA88E22B78CF8A006E003E /* Colors.xcassets in Resources */ = {isa = PBXBuildFile; fileRef = 8EFA88E12B78CF8A006E003E /* Colors.xcassets */; };
		8EFA88E42B78D154006E003E /* CPColor.swift in Sources */ = {isa = PBXBuildFile; fileRef = 8EFA88E32B78D154006E003E /* CPColor.swift */; };
		8EFA88E62B78D2E0006E003E /* CPFont.swift in Sources */ = {isa = PBXBuildFile; fileRef = 8EFA88E52B78D2E0006E003E /* CPFont.swift */; };
		8EFA88EC2B7A083E006E003E /* Home.storyboard in Resources */ = {isa = PBXBuildFile; fileRef = 8EFA88EB2B7A083E006E003E /* Home.storyboard */; };
		8EFA88EE2B7A086F006E003E /* HomeViewController.swift in Sources */ = {isa = PBXBuildFile; fileRef = 8EFA88ED2B7A086F006E003E /* HomeViewController.swift */; };
		8EFA88F52B7A160E006E003E /* HomeBannerCollectionViewCell.swift in Sources */ = {isa = PBXBuildFile; fileRef = 8EFA88F42B7A160E006E003E /* HomeBannerCollectionViewCell.swift */; };
		8EFA88F92B7B54B9006E003E /* HomeProductCollectionViewCell.swift in Sources */ = {isa = PBXBuildFile; fileRef = 8EFA88F82B7B54B9006E003E /* HomeProductCollectionViewCell.swift */; };
/* End PBXBuildFile section */

/* Begin PBXFileReference section */
		8E747AB02B7F7A2800D9302D /* NetworkService.swift */ = {isa = PBXFileReference; lastKnownFileType = sourcecode.swift; path = NetworkService.swift; sourceTree = "<group>"; };
		8E747AB32B7F7BEA00D9302D /* HomeResponse.swift */ = {isa = PBXFileReference; lastKnownFileType = sourcecode.swift; path = HomeResponse.swift; sourceTree = "<group>"; };
		8E747ABA2B809A7B00D9302D /* HomeViewModel.swift */ = {isa = PBXFileReference; lastKnownFileType = sourcecode.swift; path = HomeViewModel.swift; sourceTree = "<group>"; };
		8E747ABD2B80B2BA00D9302D /* Numeric+Extension.swift */ = {isa = PBXFileReference; lastKnownFileType = sourcecode.swift; path = "Numeric+Extension.swift"; sourceTree = "<group>"; };
		8EFA88BF2B78B4CB006E003E /* C-Cermmerce.app */ = {isa = PBXFileReference; explicitFileType = wrapper.application; includeInIndex = 0; path = "C-Cermmerce.app"; sourceTree = BUILT_PRODUCTS_DIR; };
		8EFA88C22B78B4CB006E003E /* AppDelegate.swift */ = {isa = PBXFileReference; lastKnownFileType = sourcecode.swift; path = AppDelegate.swift; sourceTree = "<group>"; };
		8EFA88C42B78B4CB006E003E /* SceneDelegate.swift */ = {isa = PBXFileReference; lastKnownFileType = sourcecode.swift; path = SceneDelegate.swift; sourceTree = "<group>"; };
		8EFA88CB2B78B4CD006E003E /* Assets.xcassets */ = {isa = PBXFileReference; lastKnownFileType = folder.assetcatalog; path = Assets.xcassets; sourceTree = "<group>"; };
		8EFA88CE2B78B4CD006E003E /* Base */ = {isa = PBXFileReference; lastKnownFileType = file.storyboard; name = Base; path = Base.lproj/LaunchScreen.storyboard; sourceTree = "<group>"; };
		8EFA88D02B78B4CD006E003E /* Info.plist */ = {isa = PBXFileReference; lastKnownFileType = text.plist.xml; path = Info.plist; sourceTree = "<group>"; };
		8EFA88D62B78B740006E003E /* Splash.storyboard */ = {isa = PBXFileReference; lastKnownFileType = file.storyboard; path = Splash.storyboard; sourceTree = "<group>"; };
		8EFA88D82B78B7AA006E003E /* SplashViewController.swift */ = {isa = PBXFileReference; lastKnownFileType = sourcecode.swift; path = SplashViewController.swift; sourceTree = "<group>"; };
		8EFA88DD2B78CC30006E003E /* Images.xcassets */ = {isa = PBXFileReference; lastKnownFileType = folder.assetcatalog; path = Images.xcassets; sourceTree = "<group>"; };
		8EFA88DF2B78CCAD006E003E /* CPImage.swift */ = {isa = PBXFileReference; lastKnownFileType = sourcecode.swift; path = CPImage.swift; sourceTree = "<group>"; };
		8EFA88E12B78CF8A006E003E /* Colors.xcassets */ = {isa = PBXFileReference; lastKnownFileType = folder.assetcatalog; path = Colors.xcassets; sourceTree = "<group>"; };
		8EFA88E32B78D154006E003E /* CPColor.swift */ = {isa = PBXFileReference; lastKnownFileType = sourcecode.swift; path = CPColor.swift; sourceTree = "<group>"; };
		8EFA88E52B78D2E0006E003E /* CPFont.swift */ = {isa = PBXFileReference; lastKnownFileType = sourcecode.swift; path = CPFont.swift; sourceTree = "<group>"; };
		8EFA88EB2B7A083E006E003E /* Home.storyboard */ = {isa = PBXFileReference; lastKnownFileType = file.storyboard; path = Home.storyboard; sourceTree = "<group>"; };
		8EFA88ED2B7A086F006E003E /* HomeViewController.swift */ = {isa = PBXFileReference; lastKnownFileType = sourcecode.swift; path = HomeViewController.swift; sourceTree = "<group>"; };
		8EFA88F42B7A160E006E003E /* HomeBannerCollectionViewCell.swift */ = {isa = PBXFileReference; lastKnownFileType = sourcecode.swift; path = HomeBannerCollectionViewCell.swift; sourceTree = "<group>"; };
		8EFA88F82B7B54B9006E003E /* HomeProductCollectionViewCell.swift */ = {isa = PBXFileReference; lastKnownFileType = sourcecode.swift; path = HomeProductCollectionViewCell.swift; sourceTree = "<group>"; };
/* End PBXFileReference section */

/* Begin PBXFrameworksBuildPhase section */
		8EFA88BC2B78B4CB006E003E /* Frameworks */ = {
			isa = PBXFrameworksBuildPhase;
			buildActionMask = 2147483647;
			files = (
				8E747AB92B80989100D9302D /* Kingfisher in Frameworks */,
				8EFA88DC2B78C113006E003E /* Lottie in Frameworks */,
			);
			runOnlyForDeploymentPostprocessing = 0;
		};
/* End PBXFrameworksBuildPhase section */

/* Begin PBXGroup section */
		8E747AAE2B7F41BA00D9302D /* View */ = {
			isa = PBXGroup;
			children = (
				8EFA88F42B7A160E006E003E /* HomeBannerCollectionViewCell.swift */,
				8EFA88F82B7B54B9006E003E /* HomeProductCollectionViewCell.swift */,
			);
			name = View;
			path = "퍋ㅈ";
			sourceTree = "<group>";
		};
		8E747AAF2B7F7A1900D9302D /* Network */ = {
			isa = PBXGroup;
			children = (
				8E747AB02B7F7A2800D9302D /* NetworkService.swift */,
			);
			path = Network;
			sourceTree = "<group>";
		};
		8E747AB22B7F7BE100D9302D /* Model */ = {
			isa = PBXGroup;
			children = (
				8E747AB32B7F7BEA00D9302D /* HomeResponse.swift */,
			);
			path = Model;
			sourceTree = "<group>";
		};
		8E747ABC2B80B2A500D9302D /* Extensions */ = {
			isa = PBXGroup;
			children = (
				8E747ABD2B80B2BA00D9302D /* Numeric+Extension.swift */,
			);
			path = Extensions;
			sourceTree = "<group>";
		};
		8EFA88B62B78B4CB006E003E = {
			isa = PBXGroup;
			children = (
				8EFA88C12B78B4CB006E003E /* C-Cermmerce */,
				8EFA88C02B78B4CB006E003E /* Products */,
			);
			sourceTree = "<group>";
		};
		8EFA88C02B78B4CB006E003E /* Products */ = {
			isa = PBXGroup;
			children = (
				8EFA88BF2B78B4CB006E003E /* C-Cermmerce.app */,
			);
			name = Products;
			sourceTree = "<group>";
		};
		8EFA88C12B78B4CB006E003E /* C-Cermmerce */ = {
			isa = PBXGroup;
			children = (
				8E747ABC2B80B2A500D9302D /* Extensions */,
				8E747AB22B7F7BE100D9302D /* Model */,
				8E747AAF2B7F7A1900D9302D /* Network */,
				8EFA88F32B7A0D5C006E003E /* Delegates */,
				8EFA88F22B7A0D4E006E003E /* DesignSource */,
				8EFA88F12B7A0D15006E003E /* Splash */,
				8EFA88F02B7A0D0D006E003E /* Home */,
				8EFA88EF2B7A0D02006E003E /* Feature */,
				8EFA88D02B78B4CD006E003E /* Info.plist */,
				8EFA88DD2B78CC30006E003E /* Images.xcassets */,
				8EFA88E12B78CF8A006E003E /* Colors.xcassets */,
				8EFA88CB2B78B4CD006E003E /* Assets.xcassets */,
			);
			path = "C-Cermmerce";
			sourceTree = "<group>";
		};
		8EFA88EF2B7A0D02006E003E /* Feature */ = {
			isa = PBXGroup;
			children = (
			);
			path = Feature;
			sourceTree = "<group>";
		};
		8EFA88F02B7A0D0D006E003E /* Home */ = {
			isa = PBXGroup;
			children = (
				8E747AAE2B7F41BA00D9302D /* View */,
				8EFA88EB2B7A083E006E003E /* Home.storyboard */,
				8EFA88ED2B7A086F006E003E /* HomeViewController.swift */,
				8E747ABA2B809A7B00D9302D /* HomeViewModel.swift */,
			);
			path = Home;
			sourceTree = "<group>";
		};
		8EFA88F12B7A0D15006E003E /* Splash */ = {
			isa = PBXGroup;
			children = (
				8EFA88CD2B78B4CD006E003E /* LaunchScreen.storyboard */,
				8EFA88D62B78B740006E003E /* Splash.storyboard */,
				8EFA88D82B78B7AA006E003E /* SplashViewController.swift */,
			);
			path = Splash;
			sourceTree = "<group>";
		};
		8EFA88F22B7A0D4E006E003E /* DesignSource */ = {
			isa = PBXGroup;
			children = (
				8EFA88E52B78D2E0006E003E /* CPFont.swift */,
				8EFA88E32B78D154006E003E /* CPColor.swift */,
				8EFA88DF2B78CCAD006E003E /* CPImage.swift */,
			);
			path = DesignSource;
			sourceTree = "<group>";
		};
		8EFA88F32B7A0D5C006E003E /* Delegates */ = {
			isa = PBXGroup;
			children = (
				8EFA88C22B78B4CB006E003E /* AppDelegate.swift */,
				8EFA88C42B78B4CB006E003E /* SceneDelegate.swift */,
			);
			path = Delegates;
			sourceTree = "<group>";
		};
/* End PBXGroup section */

/* Begin PBXNativeTarget section */
		8EFA88BE2B78B4CB006E003E /* C-Cermmerce */ = {
			isa = PBXNativeTarget;
			buildConfigurationList = 8EFA88D32B78B4CD006E003E /* Build configuration list for PBXNativeTarget "C-Cermmerce" */;
			buildPhases = (
				8EFA88BB2B78B4CB006E003E /* Sources */,
				8EFA88BC2B78B4CB006E003E /* Frameworks */,
				8EFA88BD2B78B4CB006E003E /* Resources */,
			);
			buildRules = (
			);
			dependencies = (
			);
			name = "C-Cermmerce";
			packageProductDependencies = (
				8EFA88DB2B78C113006E003E /* Lottie */,
				8E747AB82B80989100D9302D /* Kingfisher */,
			);
			productName = "C-Cermmerce";
			productReference = 8EFA88BF2B78B4CB006E003E /* C-Cermmerce.app */;
			productType = "com.apple.product-type.application";
		};
/* End PBXNativeTarget section */

/* Begin PBXProject section */
		8EFA88B72B78B4CB006E003E /* Project object */ = {
			isa = PBXProject;
			attributes = {
				BuildIndependentTargetsInParallel = 1;
				LastSwiftUpdateCheck = 1520;
				LastUpgradeCheck = 1520;
				TargetAttributes = {
					8EFA88BE2B78B4CB006E003E = {
						CreatedOnToolsVersion = 15.2;
					};
				};
			};
			buildConfigurationList = 8EFA88BA2B78B4CB006E003E /* Build configuration list for PBXProject "C-Cermmerce" */;
			compatibilityVersion = "Xcode 14.0";
			developmentRegion = en;
			hasScannedForEncodings = 0;
			knownRegions = (
				en,
				Base,
			);
			mainGroup = 8EFA88B62B78B4CB006E003E;
			packageReferences = (
				8EFA88DA2B78C113006E003E /* XCRemoteSwiftPackageReference "lottie-ios" */,
				8E747AB72B80989100D9302D /* XCRemoteSwiftPackageReference "Kingfisher" */,
			);
			productRefGroup = 8EFA88C02B78B4CB006E003E /* Products */;
			projectDirPath = "";
			projectRoot = "";
			targets = (
				8EFA88BE2B78B4CB006E003E /* C-Cermmerce */,
			);
		};
/* End PBXProject section */

/* Begin PBXResourcesBuildPhase section */
		8EFA88BD2B78B4CB006E003E /* Resources */ = {
			isa = PBXResourcesBuildPhase;
			buildActionMask = 2147483647;
			files = (
				8EFA88EC2B7A083E006E003E /* Home.storyboard in Resources */,
				8EFA88CF2B78B4CD006E003E /* LaunchScreen.storyboard in Resources */,
				8EFA88DE2B78CC30006E003E /* Images.xcassets in Resources */,
				8EFA88CC2B78B4CD006E003E /* Assets.xcassets in Resources */,
				8EFA88E22B78CF8A006E003E /* Colors.xcassets in Resources */,
				8EFA88D72B78B740006E003E /* Splash.storyboard in Resources */,
			);
			runOnlyForDeploymentPostprocessing = 0;
		};
/* End PBXResourcesBuildPhase section */

/* Begin PBXSourcesBuildPhase section */
		8EFA88BB2B78B4CB006E003E /* Sources */ = {
			isa = PBXSourcesBuildPhase;
			buildActionMask = 2147483647;
			files = (
				8E747AB12B7F7A2800D9302D /* NetworkService.swift in Sources */,
				8EFA88E42B78D154006E003E /* CPColor.swift in Sources */,
				8EFA88F92B7B54B9006E003E /* HomeProductCollectionViewCell.swift in Sources */,
				8EFA88C32B78B4CB006E003E /* AppDelegate.swift in Sources */,
				8E747ABE2B80B2BA00D9302D /* Numeric+Extension.swift in Sources */,
				8EFA88EE2B7A086F006E003E /* HomeViewController.swift in Sources */,
				8EFA88E62B78D2E0006E003E /* CPFont.swift in Sources */,
				8EFA88E02B78CCAD006E003E /* CPImage.swift in Sources */,
				8E747ABB2B809A7B00D9302D /* HomeViewModel.swift in Sources */,
				8EFA88C52B78B4CB006E003E /* SceneDelegate.swift in Sources */,
				8EFA88D92B78B7AA006E003E /* SplashViewController.swift in Sources */,
				8EFA88F52B7A160E006E003E /* HomeBannerCollectionViewCell.swift in Sources */,
				8E747AB42B7F7BEA00D9302D /* HomeResponse.swift in Sources */,
			);
			runOnlyForDeploymentPostprocessing = 0;
		};
/* End PBXSourcesBuildPhase section */

/* Begin PBXVariantGroup section */
		8EFA88CD2B78B4CD006E003E /* LaunchScreen.storyboard */ = {
			isa = PBXVariantGroup;
			children = (
				8EFA88CE2B78B4CD006E003E /* Base */,
			);
			name = LaunchScreen.storyboard;
			sourceTree = "<group>";
		};
/* End PBXVariantGroup section */

/* Begin XCBuildConfiguration section */
		8EFA88D12B78B4CD006E003E /* Debug */ = {
			isa = XCBuildConfiguration;
			buildSettings = {
				ALWAYS_SEARCH_USER_PATHS = NO;
				ASSETCATALOG_COMPILER_GENERATE_SWIFT_ASSET_SYMBOL_EXTENSIONS = YES;
				CLANG_ANALYZER_NONNULL = YES;
				CLANG_ANALYZER_NUMBER_OBJECT_CONVERSION = YES_AGGRESSIVE;
				CLANG_CXX_LANGUAGE_STANDARD = "gnu++20";
				CLANG_ENABLE_MODULES = YES;
				CLANG_ENABLE_OBJC_ARC = YES;
				CLANG_ENABLE_OBJC_WEAK = YES;
				CLANG_WARN_BLOCK_CAPTURE_AUTORELEASING = YES;
				CLANG_WARN_BOOL_CONVERSION = YES;
				CLANG_WARN_COMMA = YES;
				CLANG_WARN_CONSTANT_CONVERSION = YES;
				CLANG_WARN_DEPRECATED_OBJC_IMPLEMENTATIONS = YES;
				CLANG_WARN_DIRECT_OBJC_ISA_USAGE = YES_ERROR;
				CLANG_WARN_DOCUMENTATION_COMMENTS = YES;
				CLANG_WARN_EMPTY_BODY = YES;
				CLANG_WARN_ENUM_CONVERSION = YES;
				CLANG_WARN_INFINITE_RECURSION = YES;
				CLANG_WARN_INT_CONVERSION = YES;
				CLANG_WARN_NON_LITERAL_NULL_CONVERSION = YES;
				CLANG_WARN_OBJC_IMPLICIT_RETAIN_SELF = YES;
				CLANG_WARN_OBJC_LITERAL_CONVERSION = YES;
				CLANG_WARN_OBJC_ROOT_CLASS = YES_ERROR;
				CLANG_WARN_QUOTED_INCLUDE_IN_FRAMEWORK_HEADER = YES;
				CLANG_WARN_RANGE_LOOP_ANALYSIS = YES;
				CLANG_WARN_STRICT_PROTOTYPES = YES;
				CLANG_WARN_SUSPICIOUS_MOVE = YES;
				CLANG_WARN_UNGUARDED_AVAILABILITY = YES_AGGRESSIVE;
				CLANG_WARN_UNREACHABLE_CODE = YES;
				CLANG_WARN__DUPLICATE_METHOD_MATCH = YES;
				COPY_PHASE_STRIP = NO;
				DEBUG_INFORMATION_FORMAT = dwarf;
				ENABLE_STRICT_OBJC_MSGSEND = YES;
				ENABLE_TESTABILITY = YES;
				ENABLE_USER_SCRIPT_SANDBOXING = YES;
				GCC_C_LANGUAGE_STANDARD = gnu17;
				GCC_DYNAMIC_NO_PIC = NO;
				GCC_NO_COMMON_BLOCKS = YES;
				GCC_OPTIMIZATION_LEVEL = 0;
				GCC_PREPROCESSOR_DEFINITIONS = (
					"DEBUG=1",
					"$(inherited)",
				);
				GCC_WARN_64_TO_32_BIT_CONVERSION = YES;
				GCC_WARN_ABOUT_RETURN_TYPE = YES_ERROR;
				GCC_WARN_UNDECLARED_SELECTOR = YES;
				GCC_WARN_UNINITIALIZED_AUTOS = YES_AGGRESSIVE;
				GCC_WARN_UNUSED_FUNCTION = YES;
				GCC_WARN_UNUSED_VARIABLE = YES;
				IPHONEOS_DEPLOYMENT_TARGET = 17.2;
				LOCALIZATION_PREFERS_STRING_CATALOGS = YES;
				MTL_ENABLE_DEBUG_INFO = INCLUDE_SOURCE;
				MTL_FAST_MATH = YES;
				ONLY_ACTIVE_ARCH = YES;
				SDKROOT = iphoneos;
				SWIFT_ACTIVE_COMPILATION_CONDITIONS = "DEBUG $(inherited)";
				SWIFT_OPTIMIZATION_LEVEL = "-Onone";
			};
			name = Debug;
		};
		8EFA88D22B78B4CD006E003E /* Release */ = {
			isa = XCBuildConfiguration;
			buildSettings = {
				ALWAYS_SEARCH_USER_PATHS = NO;
				ASSETCATALOG_COMPILER_GENERATE_SWIFT_ASSET_SYMBOL_EXTENSIONS = YES;
				CLANG_ANALYZER_NONNULL = YES;
				CLANG_ANALYZER_NUMBER_OBJECT_CONVERSION = YES_AGGRESSIVE;
				CLANG_CXX_LANGUAGE_STANDARD = "gnu++20";
				CLANG_ENABLE_MODULES = YES;
				CLANG_ENABLE_OBJC_ARC = YES;
				CLANG_ENABLE_OBJC_WEAK = YES;
				CLANG_WARN_BLOCK_CAPTURE_AUTORELEASING = YES;
				CLANG_WARN_BOOL_CONVERSION = YES;
				CLANG_WARN_COMMA = YES;
				CLANG_WARN_CONSTANT_CONVERSION = YES;
				CLANG_WARN_DEPRECATED_OBJC_IMPLEMENTATIONS = YES;
				CLANG_WARN_DIRECT_OBJC_ISA_USAGE = YES_ERROR;
				CLANG_WARN_DOCUMENTATION_COMMENTS = YES;
				CLANG_WARN_EMPTY_BODY = YES;
				CLANG_WARN_ENUM_CONVERSION = YES;
				CLANG_WARN_INFINITE_RECURSION = YES;
				CLANG_WARN_INT_CONVERSION = YES;
				CLANG_WARN_NON_LITERAL_NULL_CONVERSION = YES;
				CLANG_WARN_OBJC_IMPLICIT_RETAIN_SELF = YES;
				CLANG_WARN_OBJC_LITERAL_CONVERSION = YES;
				CLANG_WARN_OBJC_ROOT_CLASS = YES_ERROR;
				CLANG_WARN_QUOTED_INCLUDE_IN_FRAMEWORK_HEADER = YES;
				CLANG_WARN_RANGE_LOOP_ANALYSIS = YES;
				CLANG_WARN_STRICT_PROTOTYPES = YES;
				CLANG_WARN_SUSPICIOUS_MOVE = YES;
				CLANG_WARN_UNGUARDED_AVAILABILITY = YES_AGGRESSIVE;
				CLANG_WARN_UNREACHABLE_CODE = YES;
				CLANG_WARN__DUPLICATE_METHOD_MATCH = YES;
				COPY_PHASE_STRIP = NO;
				DEBUG_INFORMATION_FORMAT = "dwarf-with-dsym";
				ENABLE_NS_ASSERTIONS = NO;
				ENABLE_STRICT_OBJC_MSGSEND = YES;
				ENABLE_USER_SCRIPT_SANDBOXING = YES;
				GCC_C_LANGUAGE_STANDARD = gnu17;
				GCC_NO_COMMON_BLOCKS = YES;
				GCC_WARN_64_TO_32_BIT_CONVERSION = YES;
				GCC_WARN_ABOUT_RETURN_TYPE = YES_ERROR;
				GCC_WARN_UNDECLARED_SELECTOR = YES;
				GCC_WARN_UNINITIALIZED_AUTOS = YES_AGGRESSIVE;
				GCC_WARN_UNUSED_FUNCTION = YES;
				GCC_WARN_UNUSED_VARIABLE = YES;
				IPHONEOS_DEPLOYMENT_TARGET = 17.2;
				LOCALIZATION_PREFERS_STRING_CATALOGS = YES;
				MTL_ENABLE_DEBUG_INFO = NO;
				MTL_FAST_MATH = YES;
				SDKROOT = iphoneos;
				SWIFT_COMPILATION_MODE = wholemodule;
				VALIDATE_PRODUCT = YES;
			};
			name = Release;
		};
		8EFA88D42B78B4CD006E003E /* Debug */ = {
			isa = XCBuildConfiguration;
			buildSettings = {
				ASSETCATALOG_COMPILER_APPICON_NAME = AppIcon;
				ASSETCATALOG_COMPILER_GLOBAL_ACCENT_COLOR_NAME = AccentColor;
				CODE_SIGN_STYLE = Automatic;
				CURRENT_PROJECT_VERSION = 1;
				DEVELOPMENT_TEAM = 9GGZWXBXQ6;
				GENERATE_INFOPLIST_FILE = YES;
				INFOPLIST_FILE = "C-Cermmerce/Info.plist";
				INFOPLIST_KEY_UIApplicationSupportsIndirectInputEvents = YES;
				INFOPLIST_KEY_UILaunchStoryboardName = LaunchScreen;
				INFOPLIST_KEY_UIMainStoryboardFile = Splash;
				INFOPLIST_KEY_UISupportedInterfaceOrientations_iPad = "UIInterfaceOrientationPortrait UIInterfaceOrientationPortraitUpsideDown UIInterfaceOrientationLandscapeLeft UIInterfaceOrientationLandscapeRight";
				INFOPLIST_KEY_UISupportedInterfaceOrientations_iPhone = "UIInterfaceOrientationPortrait UIInterfaceOrientationLandscapeLeft UIInterfaceOrientationLandscapeRight";
				LD_RUNPATH_SEARCH_PATHS = (
					"$(inherited)",
					"@executable_path/Frameworks",
				);
				MARKETING_VERSION = 1.0;
				PRODUCT_BUNDLE_IDENTIFIER = "YangCustom.C-Cermmerce";
				PRODUCT_NAME = "$(TARGET_NAME)";
				SWIFT_EMIT_LOC_STRINGS = YES;
				SWIFT_VERSION = 5.0;
				TARGETED_DEVICE_FAMILY = "1,2";
			};
			name = Debug;
		};
		8EFA88D52B78B4CD006E003E /* Release */ = {
			isa = XCBuildConfiguration;
			buildSettings = {
				ASSETCATALOG_COMPILER_APPICON_NAME = AppIcon;
				ASSETCATALOG_COMPILER_GLOBAL_ACCENT_COLOR_NAME = AccentColor;
				CODE_SIGN_STYLE = Automatic;
				CURRENT_PROJECT_VERSION = 1;
				DEVELOPMENT_TEAM = 9GGZWXBXQ6;
				GENERATE_INFOPLIST_FILE = YES;
				INFOPLIST_FILE = "C-Cermmerce/Info.plist";
				INFOPLIST_KEY_UIApplicationSupportsIndirectInputEvents = YES;
				INFOPLIST_KEY_UILaunchStoryboardName = LaunchScreen;
				INFOPLIST_KEY_UIMainStoryboardFile = Splash;
				INFOPLIST_KEY_UISupportedInterfaceOrientations_iPad = "UIInterfaceOrientationPortrait UIInterfaceOrientationPortraitUpsideDown UIInterfaceOrientationLandscapeLeft UIInterfaceOrientationLandscapeRight";
				INFOPLIST_KEY_UISupportedInterfaceOrientations_iPhone = "UIInterfaceOrientationPortrait UIInterfaceOrientationLandscapeLeft UIInterfaceOrientationLandscapeRight";
				LD_RUNPATH_SEARCH_PATHS = (
					"$(inherited)",
					"@executable_path/Frameworks",
				);
				MARKETING_VERSION = 1.0;
				PRODUCT_BUNDLE_IDENTIFIER = "YangCustom.C-Cermmerce";
				PRODUCT_NAME = "$(TARGET_NAME)";
				SWIFT_EMIT_LOC_STRINGS = YES;
				SWIFT_VERSION = 5.0;
				TARGETED_DEVICE_FAMILY = "1,2";
			};
			name = Release;
		};
/* End XCBuildConfiguration section */

/* Begin XCConfigurationList section */
		8EFA88BA2B78B4CB006E003E /* Build configuration list for PBXProject "C-Cermmerce" */ = {
			isa = XCConfigurationList;
			buildConfigurations = (
				8EFA88D12B78B4CD006E003E /* Debug */,
				8EFA88D22B78B4CD006E003E /* Release */,
			);
			defaultConfigurationIsVisible = 0;
			defaultConfigurationName = Release;
		};
		8EFA88D32B78B4CD006E003E /* Build configuration list for PBXNativeTarget "C-Cermmerce" */ = {
			isa = XCConfigurationList;
			buildConfigurations = (
				8EFA88D42B78B4CD006E003E /* Debug */,
				8EFA88D52B78B4CD006E003E /* Release */,
			);
			defaultConfigurationIsVisible = 0;
			defaultConfigurationName = Release;
		};
/* End XCConfigurationList section */

/* Begin XCRemoteSwiftPackageReference section */
		8E747AB72B80989100D9302D /* XCRemoteSwiftPackageReference "Kingfisher" */ = {
			isa = XCRemoteSwiftPackageReference;
			repositoryURL = "https://github.com/onevcat/Kingfisher.git";
			requirement = {
				kind = upToNextMajorVersion;
				minimumVersion = 7.11.0;
			};
		};
		8EFA88DA2B78C113006E003E /* XCRemoteSwiftPackageReference "lottie-ios" */ = {
			isa = XCRemoteSwiftPackageReference;
			repositoryURL = "https://github.com/airbnb/lottie-ios.git";
			requirement = {
				kind = upToNextMajorVersion;
				minimumVersion = 4.4.0;
			};
		};
/* End XCRemoteSwiftPackageReference section */

/* Begin XCSwiftPackageProductDependency section */
		8E747AB82B80989100D9302D /* Kingfisher */ = {
			isa = XCSwiftPackageProductDependency;
			package = 8E747AB72B80989100D9302D /* XCRemoteSwiftPackageReference "Kingfisher" */;
			productName = Kingfisher;
		};
		8EFA88DB2B78C113006E003E /* Lottie */ = {
			isa = XCSwiftPackageProductDependency;
			package = 8EFA88DA2B78C113006E003E /* XCRemoteSwiftPackageReference "lottie-ios" */;
			productName = Lottie;
		};
/* End XCSwiftPackageProductDependency section */
	};
	rootObject = 8EFA88B72B78B4CB006E003E /* Project object */;
}
